# This file is automatically @generated by Cargo.
# It is not intended for manual editing.
[[package]]
name = "anyhow"
version = "1.0.29"
source = "registry+https://github.com/rust-lang/crates.io-index"
checksum = "dc98824304f5513bb8f862f9e5985219003de4d730689e59d8f28818283a6fe4"

[[package]]
name = "assert_matches"
version = "1.3.0"
source = "registry+https://github.com/rust-lang/crates.io-index"
checksum = "7deb0a829ca7bcfaf5da70b073a8d128619259a7be8216a355e23f00763059e5"

[[package]]
name = "proc-macro2"
version = "1.0.9"
source = "registry+https://github.com/rust-lang/crates.io-index"
checksum = "6c09721c6781493a2a492a96b5a5bf19b65917fe6728884e7c44dd0c60ca3435"
dependencies = [
 "unicode-xid",
]

[[package]]
name = "quote"
version = "1.0.3"
source = "registry+https://github.com/rust-lang/crates.io-index"
checksum = "2bdc6c187c65bca4260c9011c9e3132efe4909da44726bad24cf7572ae338d7f"
dependencies = [
 "proc-macro2",
]

[[package]]
name = "rust-wordcount"
version = "0.1.0"
dependencies = [
 "anyhow",
 "assert_matches",
 "thiserror",
]

[[package]]
name = "syn"
version = "1.0.17"
source = "registry+https://github.com/rust-lang/crates.io-index"
checksum = "0df0eb663f387145cab623dea85b09c2c5b4b0aef44e945d928e682fce71bb03"
dependencies = [
 "proc-macro2",
 "quote",
 "unicode-xid",
]

[[package]]
name = "thiserror"
version = "1.0.17"
source = "registry+https://github.com/rust-lang/crates.io-index"
checksum = "467e5ff447618a916519a4e0d62772ab14f434897f3d63f05d8700ef1e9b22c1"
dependencies = [
 "thiserror-impl",
]

[[package]]
name = "thiserror-impl"
version = "1.0.17"
source = "registry+https://github.com/rust-lang/crates.io-index"
checksum = "e63c1091225b9834089b429bc4a2e01223470e3183e891582909e9d1c4cb55d9"
dependencies = [
 "proc-macro2",
 "quote",
 "syn",
]

[[package]]
name = "unicode-xid"
version = "0.2.0"
source = "registry+https://github.com/rust-lang/crates.io-index"
checksum = "826e7639553986605ec5979c7dd957c7895e93eabed50ab2ffa7f6128a75097c"
